
Microsoft Visual Studio Solution File, Format Version 10.00
# Visual C++ Express 2008
Project("{8BC9CEB8-8B4A-11D0-8D11-00A0C91BC942}") = "czmq", "czmq.vcproj", "{0C4A2E28-8C9E-4B27-85D9-BB679AD84AC7}"
EndProject
Project("{8BC9CEB8-8B4A-11D0-8D11-00A0C91BC942}") = "czmq_selftest", "czmq_selftest.vcproj", "{A5497C4B-1CD1-4779-9458-2CF7908E7E26}"
    ProjectSection(ProjectDependencies) = postProject
        {0C4A2E28-8C9E-4B27-85D9-BB679AD84AC7} = {0C4A2E28-8C9E-4B27-85D9-BB679AD84AC7}
    EndProjectSection
EndProject
Global
    GlobalSection(SolutionConfigurationPlatforms) = preSolution
        Debug|Win32 = Debug|Win32
        Release|Win32 = Release|Win32
    EndGlobalSection
    GlobalSection(ProjectConfigurationPlatforms) = postSolution
        {0C4A2E28-8C9E-4B27-85D9-BB679AD84AC7}.Debug|Win32.ActiveCfg = Debug|Win32
        {0C4A2E28-8C9E-4B27-85D9-BB679AD84AC7}.Debug|Win32.Build.0 = Debug|Win32
        {0C4A2E28-8C9E-4B27-85D9-BB679AD84AC7}.Release|Win32.ActiveCfg = Release|Win32
        {0C4A2E28-8C9E-4B27-85D9-BB679AD84AC7}.Release|Win32.Build.0 = Release|Win32
        {A5497C4B-1CD1-4779-9458-2CF7908E7E26}.Debug|Win32.ActiveCfg = Debug|Win32
        {A5497C4B-1CD1-4779-9458-2CF7908E7E26}.Debug|Win32.Build.0 = Debug|Win32
        {A5497C4B-1CD1-4779-9458-2CF7908E7E26}.Release|Win32.ActiveCfg = Release|Win32
        {A5497C4B-1CD1-4779-9458-2CF7908E7E26}.Release|Win32.Build.0 = Release|Win32
    EndGlobalSection
    GlobalSection(SolutionProperties) = preSolution
        HideSolutionNode = FALSE
    EndGlobalSection
EndGlobal
